
Microsoft Visual Studio Solution File, Format Version 12.00
# Visual Studio Version 17
VisualStudioVersion = 17.9.34714.143
MinimumVisualStudioVersion = 10.0.40219.1
Project("{FAE04EC0-301F-11D3-BF4B-00C04F79EFBC}") = "WebApi", "WebApi\WebApi.csproj", "{2BA24E0B-8A54-4F26-AFF3-9BF536FDF567}"
EndProject
Project("{FAE04EC0-301F-11D3-BF4B-00C04F79EFBC}") = "Infrastructure", "Infrastructure\Infrastructure.csproj", "{9A45CB01-4489-4F3F-82EA-C9D59FA6830D}"
EndProject
Global
	GlobalSection(SolutionConfigurationPlatforms) = preSolution
		Debug|Any CPU = Debug|Any CPU
		Release|Any CPU = Release|Any CPU
	EndGlobalSection
	GlobalSection(ProjectConfigurationPlatforms) = postSolution
		{2BA24E0B-8A54-4F26-AFF3-9BF536FDF567}.Debug|Any CPU.ActiveCfg = Debug|Any CPU
		{2BA24E0B-8A54-4F26-AFF3-9BF536FDF567}.Debug|Any CPU.Build.0 = Debug|Any CPU
		{2BA24E0B-8A54-4F26-AFF3-9BF536FDF567}.Release|Any CPU.ActiveCfg = Release|Any CPU
		{2BA24E0B-8A54-4F26-AFF3-9BF536FDF567}.Release|Any CPU.Build.0 = Release|Any CPU
		{9A45CB01-4489-4F3F-82EA-C9D59FA6830D}.Debug|Any CPU.ActiveCfg = Debug|Any CPU
		{9A45CB01-4489-4F3F-82EA-C9D59FA6830D}.Debug|Any CPU.Build.0 = Debug|Any CPU
		{9A45CB01-4489-4F3F-82EA-C9D59FA6830D}.Release|Any CPU.ActiveCfg = Release|Any CPU
		{9A45CB01-4489-4F3F-82EA-C9D59FA6830D}.Release|Any CPU.Build.0 = Release|Any CPU
	EndGlobalSection
	GlobalSection(SolutionProperties) = preSolution
		HideSolutionNode = FALSE
	EndGlobalSection
	GlobalSection(ExtensibilityGlobals) = postSolution
		SolutionGuid = {47D05302-DCF9-427D-B31A-FFD3405A0605}
	EndGlobalSection
EndGlobal
